{
  "name": "@phlens/noesis",
  "version": "0.1.0",
  "lockfileVersion": 3,
  "requires": true,
  "packages": {
    "": {
      "name": "@phlens/noesis",
      "version": "0.1.0",
      "license": "UNLICENSED",
      "dependencies": {
        "@phlens/pamem": "git+ssh://git@github.com/PHLens/pamem.git"
      },
      "bin": {
        "noesis": "bin/noesis"
      },
      "engines": {
        "node": ">=18"
      }
    },
    "node_modules/@phlens/pamem": {
      "version": "0.8.0",
      "resolved": "git+ssh://git@github.com/PHLens/pamem.git#73e448dcbaa41dbcc2784775a06d3fe812e73b1c",
      "license": "MIT",
      "bin": {
        "pamem": "bin/pamem.mjs"
      },
      "engines": {
        "node": ">=18"
      }
    }
  }
}
